{
  "name": "com.jreenen.homeyharmonyhub",
  "version": "1.3.1",
  "lockfileVersion": 1,
  "requires": true,
  "dependencies": {
    "@sentry/core": {
      "version": "5.26.0",
      "resolved": "https://registry.npmjs.org/@sentry/core/-/core-5.26.0.tgz",
      "integrity": "sha512-Ubrw7K52orTVsaxpz8Su40FPXugKipoQC+zPrXcH+JIMB+o18kutF81Ae4WzuUqLfP7YB91eAlRrP608zw0EXA==",
      "requires": {
        "@sentry/hub": "5.26.0",
        "@sentry/minimal": "5.26.0",
        "@sentry/types": "5.26.0",
        "@sentry/utils": "5.26.0",
        "tslib": "^1.9.3"
      }
    },
    "@sentry/hub": {
      "version": "5.26.0",
      "resolved": "https://registry.npmjs.org/@sentry/hub/-/hub-5.26.0.tgz",
      "integrity": "sha512-lAYeWvvhGYS6eQ5d0VEojw0juxGc3v4aAu8VLvMKWcZ1jXD13Bhc46u9Nvf4qAY6BAQsJDQcpEZLpzJu1bk1Qw==",
      "requires": {
        "@sentry/types": "5.26.0",
        "@sentry/utils": "5.26.0",
        "tslib": "^1.9.3"
      }
    },
    "@sentry/minimal": {
      "version": "5.26.0",
      "resolved": "https://registry.npmjs.org/@sentry/minimal/-/minimal-5.26.0.tgz",
      "integrity": "sha512-mdFo3FYaI1W3KEd8EHATYx8mDOZIxeoUhcBLlH7Iej6rKvdM7p8GoECrmHPU1l6sCCPtBuz66QT5YeXc7WILsA==",
      "requires": {
        "@sentry/hub": "5.26.0",
        "@sentry/types": "5.26.0",
        "tslib": "^1.9.3"
      }
    },
    "@sentry/node": {
      "version": "5.26.0",
      "resolved": "https://registry.npmjs.org/@sentry/node/-/node-5.26.0.tgz",
      "integrity": "sha512-BuN9c84f8MxGhYZl+JgVsORh3GiDmuyG9QjawVQ2fmJKVxQ+fcNvde/wq5z7jEca4Z8FrNLa+DHb4c8Fl8gz8g==",
      "requires": {
        "@sentry/core": "5.26.0",
        "@sentry/hub": "5.26.0",
        "@sentry/tracing": "5.26.0",
        "@sentry/types": "5.26.0",
        "@sentry/utils": "5.26.0",
        "cookie": "^0.4.1",
        "https-proxy-agent": "^5.0.0",
        "lru_map": "^0.3.3",
        "tslib": "^1.9.3"
      }
    },
    "@sentry/tracing": {
      "version": "5.26.0",
      "resolved": "https://registry.npmjs.org/@sentry/tracing/-/tracing-5.26.0.tgz",
      "integrity": "sha512-N9qWGmKrFJYKFTZBe8zVT3Qiju0+9bbNJuyun69T+fqP3PCDh+aRlRiP+OKTJyeCZjNG5HIvIlU8wTVUDoYfjQ==",
      "requires": {
        "@sentry/hub": "5.26.0",
        "@sentry/minimal": "5.26.0",
        "@sentry/types": "5.26.0",
        "@sentry/utils": "5.26.0",
        "tslib": "^1.9.3"
      }
    },
    "@sentry/types": {
      "version": "5.26.0",
      "resolved": "https://registry.npmjs.org/@sentry/types/-/types-5.26.0.tgz",
      "integrity": "sha512-ugpa1ePOhK55pjsyutAsa2tiJVQEyGYCaOXzaheg/3+EvhMdoW+owiZ8wupfvPhtZFIU3+FPOVz0d5k9K5d1rw=="
    },
    "@sentry/utils": {
      "version": "5.26.0",
      "resolved": "https://registry.npmjs.org/@sentry/utils/-/utils-5.26.0.tgz",
      "integrity": "sha512-F2gnHIAWbjiowcAgxz3VpKxY/NQ39NTujEd/NPnRTWlRynLFg3bAV+UvZFXljhYJeN3b/zRlScNDcpCWTrtZGw==",
      "requires": {
        "@sentry/types": "5.26.0",
        "tslib": "^1.9.3"
      }
    },
    "agent-base": {
      "version": "6.0.1",
      "resolved": "https://registry.npmjs.org/agent-base/-/agent-base-6.0.1.tgz",
      "integrity": "sha512-01q25QQDwLSsyfhrKbn8yuur+JNw0H+0Y4JiGIKd3z9aYk/w/2kxD/Upc+t2ZBBSUNff50VjPsSW2YxM8QYKVg==",
      "requires": {
        "debug": "4"
      }
    },
    "async-limiter": {
      "version": "1.0.1",
      "resolved": "https://registry.npmjs.org/async-limiter/-/async-limiter-1.0.1.tgz",
      "integrity": "sha512-csOlWGAcRFJaI6m+F2WKdnMKr4HhdhFVBk0H/QbJFMCr+uO2kwohwXQPxw/9OCxp05r5ghVBFSyioixx3gfkNQ=="
    },
    "cookie": {
      "version": "0.4.1",
      "resolved": "https://registry.npmjs.org/cookie/-/cookie-0.4.1.tgz",
      "integrity": "sha512-ZwrFkGJxUR3EIoXtO+yVE69Eb7KlixbaeAWfBQB9vVsNn/o+Yw69gBWSSDK825hQNdN+wF8zELf3dFNl/kxkUA=="
    },
    "debug": {
      "version": "4.2.0",
      "resolved": "https://registry.npmjs.org/debug/-/debug-4.2.0.tgz",
      "integrity": "sha512-IX2ncY78vDTjZMFUdmsvIRFY2Cf4FnD0wRs+nQwJU8Lu99/tPFdb0VybiiMTPe3I6rQmwsqQqRBvxU+bZ/I8sg==",
      "requires": {
        "ms": "2.1.2"
      }
    },
    "https-proxy-agent": {
      "version": "5.0.0",
      "resolved": "https://registry.npmjs.org/https-proxy-agent/-/https-proxy-agent-5.0.0.tgz",
      "integrity": "sha512-EkYm5BcKUGiduxzSt3Eppko+PiNWNEpa4ySk9vTC6wDsQJW9rHSa+UhGNJoRYp7bz6Ht1eaRIa6QaJqO5rCFbA==",
      "requires": {
        "agent-base": "6",
        "debug": "4"
      }
    },
    "lru_map": {
      "version": "0.3.3",
      "resolved": "https://registry.npmjs.org/lru_map/-/lru_map-0.3.3.tgz",
      "integrity": "sha1-tcg1G5Rky9dQM1p5ZQoOwOVhGN0="
    },
    "ms": {
      "version": "2.1.2",
      "resolved": "https://registry.npmjs.org/ms/-/ms-2.1.2.tgz",
      "integrity": "sha512-sGkPx+VjMtmA6MX27oA4FBFELFCZZ4S4XqeGOXCv68tT+jb3vk/RyaKWP0PTKyWtmLSM0b+adUTEvbs1PEaH2w=="
    },
    "tslib": {
      "version": "1.14.1",
      "resolved": "https://registry.npmjs.org/tslib/-/tslib-1.14.1.tgz",
      "integrity": "sha512-Xni35NKzjgMrwevysHTCArtLDpPvye8zV/0E4EyYn43P7/7qvQwPh9BGkHewbMulVntbigmcT7rdX3BNo9wRJg=="
    },
    "ws": {
      "version": "6.2.1",
      "resolved": "https://registry.npmjs.org/ws/-/ws-6.2.1.tgz",
      "integrity": "sha512-GIyAXC2cB7LjvpgMt9EKS2ldqr0MTrORaleiOno6TweZ6r3TKtoFQWay/2PceJ3RuBasOHzXNn5Lrw1X0bEjqA==",
      "requires": {
        "async-limiter": "~1.0.0"
      }
    }
  }
}
