{
  "name": "com.jreenen.homeyharmonyhub",
  "version": "1.3.1",
  "lockfileVersion": 1,
  "requires": true,
  "dependencies": {
    "@sentry/core": {
      "version": "4.6.3",
      "resolved": "https://registry.npmjs.org/@sentry/core/-/core-4.6.3.tgz",
      "integrity": "sha512-FZ+P7+Z1efDAA4OPgLpTNZM0uRmvvSSZAdfKhmDXNO+Xq3gD8RsdirxGjJHhH2lXgcVLCX8g2+0RVjBKVzuKxw==",
      "requires": {
        "@sentry/hub": "4.6.3",
        "@sentry/minimal": "4.6.3",
        "@sentry/types": "4.5.3",
        "@sentry/utils": "4.6.3",
        "tslib": "^1.9.3"
      }
    },
    "@sentry/hub": {
      "version": "4.6.3",
      "resolved": "https://registry.npmjs.org/@sentry/hub/-/hub-4.6.3.tgz",
      "integrity": "sha512-WLs5XVErDW831o/Gpj2T8Ga+7ca7nHxZmHn08JRqHQz5TkJ7U74/KUAHYsifViaI7hAHKIywWbZpIwIh3X7+Lw==",
      "requires": {
        "@sentry/types": "4.5.3",
        "@sentry/utils": "4.6.3",
        "tslib": "^1.9.3"
      }
    },
    "@sentry/minimal": {
      "version": "4.6.3",
      "resolved": "https://registry.npmjs.org/@sentry/minimal/-/minimal-4.6.3.tgz",
      "integrity": "sha512-8+K6Txme/XBlcLkLY6CjJYyEpvGVxPm/Vpxw/kerI6bYTc0uCps7e7G2lX3TxYz1O+iYPs685uN8o/v8D7+bDg==",
      "requires": {
        "@sentry/hub": "4.6.3",
        "@sentry/types": "4.5.3",
        "tslib": "^1.9.3"
      }
    },
    "@sentry/node": {
      "version": "4.6.3",
      "resolved": "https://registry.npmjs.org/@sentry/node/-/node-4.6.3.tgz",
      "integrity": "sha512-3dEPeUdWO4GX0XQkp9iGLEnBPSKweU9D1HxL8kf9L4XRiQA6VsjzsoZwTanlcSwIDgM0ldqPhIkLyQ7PHgpzxA==",
      "requires": {
        "@sentry/core": "4.6.3",
        "@sentry/hub": "4.6.3",
        "@sentry/types": "4.5.3",
        "@sentry/utils": "4.6.3",
        "@types/stack-trace": "0.0.29",
        "cookie": "0.3.1",
        "https-proxy-agent": "2.2.1",
        "lru_map": "0.3.3",
        "lsmod": "1.0.0",
        "stack-trace": "0.0.10",
        "tslib": "^1.9.3"
      }
    },
    "@sentry/types": {
      "version": "4.5.3",
      "resolved": "https://registry.npmjs.org/@sentry/types/-/types-4.5.3.tgz",
      "integrity": "sha512-7ll1PAFNjrBNX9rzy3P2qAQrpQwHaDO3uKj735qsnGw34OtAS8Xr8WYrjI14f9fMPa/XIeWvMPb4GMic28V/ag=="
    },
    "@sentry/utils": {
      "version": "4.6.3",
      "resolved": "https://registry.npmjs.org/@sentry/utils/-/utils-4.6.3.tgz",
      "integrity": "sha512-GNZjIErN99gqJfLMC1L4X4lzu3x1l562UGpuiv3iMQXoNCy8mpNeKtjizoocCGTLHmWB91m6wd2WTHH7P0POjA==",
      "requires": {
        "@sentry/types": "4.5.3",
        "tslib": "^1.9.3"
      }
    },
    "@types/stack-trace": {
      "version": "0.0.29",
      "resolved": "https://registry.npmjs.org/@types/stack-trace/-/stack-trace-0.0.29.tgz",
      "integrity": "sha512-TgfOX+mGY/NyNxJLIbDWrO9DjGoVSW9+aB8H2yy1fy32jsvxijhmyJI9fDFgvz3YP4lvJaq9DzdR/M1bOgVc9g=="
    },
    "agent-base": {
      "version": "4.2.1",
      "resolved": "https://registry.npmjs.org/agent-base/-/agent-base-4.2.1.tgz",
      "integrity": "sha512-JVwXMr9nHYTUXsBFKUqhJwvlcYU/blreOEUkhNR2eXZIvwd+c+o5V4MgDPKWnMS/56awN3TRzIP+KoPn+roQtg==",
      "requires": {
        "es6-promisify": "^5.0.0"
      }
    },
    "async-limiter": {
      "version": "1.0.0",
      "resolved": "https://registry.npmjs.org/async-limiter/-/async-limiter-1.0.0.tgz",
      "integrity": "sha512-jp/uFnooOiO+L211eZOoSyzpOITMXx1rBITauYykG3BRYPu8h0UcxsPNB04RR5vo4Tyz3+ay17tR6JVf9qzYWg=="
    },
    "cookie": {
      "version": "0.3.1",
      "resolved": "https://registry.npmjs.org/cookie/-/cookie-0.3.1.tgz",
      "integrity": "sha1-5+Ch+e9DtMi6klxcWpboBtFoc7s="
    },
    "debug": {
      "version": "4.1.0",
      "resolved": "https://registry.npmjs.org/debug/-/debug-4.1.0.tgz",
      "integrity": "sha512-heNPJUJIqC+xB6ayLAMHaIrmN9HKa7aQO8MGqKpvCA+uJYVcvR6l5kgdrhRuwPFHU7P5/A1w0BjByPHwpfTDKg==",
      "requires": {
        "ms": "^2.1.1"
      }
    },
    "es6-promise": {
      "version": "4.2.6",
      "resolved": "https://registry.npmjs.org/es6-promise/-/es6-promise-4.2.6.tgz",
      "integrity": "sha512-aRVgGdnmW2OiySVPUC9e6m+plolMAJKjZnQlCwNSuK5yQ0JN61DZSO1X1Ufd1foqWRAlig0rhduTCHe7sVtK5Q=="
    },
    "es6-promisify": {
      "version": "5.0.0",
      "resolved": "https://registry.npmjs.org/es6-promisify/-/es6-promisify-5.0.0.tgz",
      "integrity": "sha1-UQnWLz5W6pZ8S2NQWu8IKRyKUgM=",
      "requires": {
        "es6-promise": "^4.0.3"
      }
    },
    "https-proxy-agent": {
      "version": "2.2.1",
      "resolved": "https://registry.npmjs.org/https-proxy-agent/-/https-proxy-agent-2.2.1.tgz",
      "integrity": "sha512-HPCTS1LW51bcyMYbxUIOO4HEOlQ1/1qRaFWcyxvwaqUS9TY88aoEuHUY33kuAh1YhVVaDQhLZsnPd+XNARWZlQ==",
      "requires": {
        "agent-base": "^4.1.0",
        "debug": "^3.1.0"
      },
      "dependencies": {
        "debug": {
          "version": "3.2.6",
          "resolved": "https://registry.npmjs.org/debug/-/debug-3.2.6.tgz",
          "integrity": "sha512-mel+jf7nrtEl5Pn1Qx46zARXKDpBbvzezse7p7LqINmdoIk8PYP5SySaxEmYv6TZ0JyEKA1hsCId6DIhgITtWQ==",
          "requires": {
            "ms": "^2.1.1"
          }
        }
      }
    },
    "lru_map": {
      "version": "0.3.3",
      "resolved": "https://registry.npmjs.org/lru_map/-/lru_map-0.3.3.tgz",
      "integrity": "sha1-tcg1G5Rky9dQM1p5ZQoOwOVhGN0="
    },
    "lsmod": {
      "version": "1.0.0",
      "resolved": "https://registry.npmjs.org/lsmod/-/lsmod-1.0.0.tgz",
      "integrity": "sha1-mgD3bco26yP6BTUK/htYXUKZ5ks="
    },
    "ms": {
      "version": "2.1.1",
      "resolved": "https://registry.npmjs.org/ms/-/ms-2.1.1.tgz",
      "integrity": "sha512-tgp+dl5cGk28utYktBsrFqA7HKgrhgPsg6Z/EfhWI4gl1Hwq8B/GmY/0oXZ6nF8hDVesS/FpnYaD/kOWhYQvyg=="
    },
    "stack-trace": {
      "version": "0.0.10",
      "resolved": "https://registry.npmjs.org/stack-trace/-/stack-trace-0.0.10.tgz",
      "integrity": "sha1-VHxws0fo0ytOEI6hoqFZ5f3eGcA="
    },
    "tslib": {
      "version": "1.9.3",
      "resolved": "https://registry.npmjs.org/tslib/-/tslib-1.9.3.tgz",
      "integrity": "sha512-4krF8scpejhaOgqzBEcGM7yDIEfi0/8+8zDRZhNZZ2kjmHJ4hv3zCbQWxoJGz1iw5U0Jl0nma13xzHXcncMavQ=="
    },
    "ws": {
      "version": "6.1.2",
      "resolved": "https://registry.npmjs.org/ws/-/ws-6.1.2.tgz",
      "integrity": "sha512-rfUqzvz0WxmSXtJpPMX2EeASXabOrSMk1ruMOV3JBTBjo4ac2lDjGGsbQSyxj8Odhw5fBib8ZKEjDNvgouNKYw==",
      "requires": {
        "async-limiter": "~1.0.0"
      }
    }
  }
}
